
Microsoft Visual Studio Solution File, Format Version 12.00
# Visual Studio Version 16
VisualStudioVersion = 16.0.33423.256
MinimumVisualStudioVersion = 10.0.40219.1
Project("{F184B08F-C81C-45F6-A57F-5ABD9991F28F}") = "CurrencyConverter", "CurrencyConverter\CurrencyConverter.vbproj", "{D338FBAC-8F37-44E4-8F88-7E7B6B2BD38B}"
EndProject
Global
	GlobalSection(SolutionConfigurationPlatforms) = preSolution
		Debug|Any CPU = Debug|Any CPU
		Release|Any CPU = Release|Any CPU
	EndGlobalSection
	GlobalSection(ProjectConfigurationPlatforms) = postSolution
		{D338FBAC-8F37-44E4-8F88-7E7B6B2BD38B}.Debug|Any CPU.ActiveCfg = Debug|Any CPU
		{D338FBAC-8F37-44E4-8F88-7E7B6B2BD38B}.Debug|Any CPU.Build.0 = Debug|Any CPU
		{D338FBAC-8F37-44E4-8F88-7E7B6B2BD38B}.Release|Any CPU.ActiveCfg = Release|Any CPU
		{D338FBAC-8F37-44E4-8F88-7E7B6B2BD38B}.Release|Any CPU.Build.0 = Release|Any CPU
	EndGlobalSection
	GlobalSection(SolutionProperties) = preSolution
		HideSolutionNode = FALSE
	EndGlobalSection
	GlobalSection(ExtensibilityGlobals) = postSolution
		SolutionGuid = {6A36A473-3A88-4118-97C2-70CD5643355B}
	EndGlobalSection
EndGlobal
